
Microsoft Visual Studio Solution File, Format Version 12.00
# Visual Studio Version 17
VisualStudioVersion = 17.5.33627.172
MinimumVisualStudioVersion = 10.0.40219.1
Project("{FAE04EC0-301F-11D3-BF4B-00C04F79EFBC}") = "삭륜검사로그확인프로그램", "삭륜검사로그확인프로그램\삭륜검사로그확인프로그램.csproj", "{21B9EF3E-69B8-4220-A706-0DC44994B67A}"
EndProject
Global
	GlobalSection(SolutionConfigurationPlatforms) = preSolution
		Debug|Any CPU = Debug|Any CPU
		Release|Any CPU = Release|Any CPU
	EndGlobalSection
	GlobalSection(ProjectConfigurationPlatforms) = postSolution
		{21B9EF3E-69B8-4220-A706-0DC44994B67A}.Debug|Any CPU.ActiveCfg = Debug|Any CPU
		{21B9EF3E-69B8-4220-A706-0DC44994B67A}.Debug|Any CPU.Build.0 = Debug|Any CPU
		{21B9EF3E-69B8-4220-A706-0DC44994B67A}.Release|Any CPU.ActiveCfg = Release|Any CPU
		{21B9EF3E-69B8-4220-A706-0DC44994B67A}.Release|Any CPU.Build.0 = Release|Any CPU
	EndGlobalSection
	GlobalSection(SolutionProperties) = preSolution
		HideSolutionNode = FALSE
	EndGlobalSection
	GlobalSection(ExtensibilityGlobals) = postSolution
		SolutionGuid = {9EDF5BD5-6198-4405-8D1B-9F5318B3C355}
	EndGlobalSection
EndGlobal
