
Microsoft Visual Studio Solution File, Format Version 12.00
# Visual Studio Version 17
VisualStudioVersion = 17.5.33627.172
MinimumVisualStudioVersion = 10.0.40219.1
Project("{FAE04EC0-301F-11D3-BF4B-00C04F79EFBC}") = "RGB_detect_algorithm", "RGB_detect_algorithm\RGB_detect_algorithm.csproj", "{D9BF47F3-4AB7-43DC-A9E6-9A3045C728B5}"
EndProject
Global
	GlobalSection(SolutionConfigurationPlatforms) = preSolution
		Debug|Any CPU = Debug|Any CPU
		Release|Any CPU = Release|Any CPU
	EndGlobalSection
	GlobalSection(ProjectConfigurationPlatforms) = postSolution
		{D9BF47F3-4AB7-43DC-A9E6-9A3045C728B5}.Debug|Any CPU.ActiveCfg = Debug|Any CPU
		{D9BF47F3-4AB7-43DC-A9E6-9A3045C728B5}.Debug|Any CPU.Build.0 = Debug|Any CPU
		{D9BF47F3-4AB7-43DC-A9E6-9A3045C728B5}.Release|Any CPU.ActiveCfg = Release|Any CPU
		{D9BF47F3-4AB7-43DC-A9E6-9A3045C728B5}.Release|Any CPU.Build.0 = Release|Any CPU
	EndGlobalSection
	GlobalSection(SolutionProperties) = preSolution
		HideSolutionNode = FALSE
	EndGlobalSection
	GlobalSection(ExtensibilityGlobals) = postSolution
		SolutionGuid = {D16970EC-AD62-4040-ABAE-CFDC0B4AECF3}
	EndGlobalSection
EndGlobal
